github.com/klauspost/compress v1.18.5 h1:/h1gH5Ce+VWNLSWqPzOVn6XBO+vJbCNGvjoaGBFW2IE=
github.com/pierrec/lz4/v4 v4.1.26 h1:GrpZw1gZttORinvzBdXPUXATeqlJjqUG/D87TKMnhjY=
github.com/twmb/franz-go v1.21.0 h1:J3uB/poWgHD6VIilER2uCPFAZHDRXVFT+11pBgRKod4=
github.com/twmb/franz-go/pkg/kmsg v1.13.1 h1:fG5kItwysTk5UXqVwb64EpQEy3TydF3vYYK21nUQ+bI=
golang.org/x/crypto v0.50.0 h1:zO47/JPrL6vsNkINmLoo/PH1gcxpls50DNogFvB5ZGI=
